
Microsoft Visual Studio Solution File, Format Version 12.00
# Visual Studio 15
VisualStudioVersion = 15.0.26124.0
MinimumVisualStudioVersion = 15.0.26124.0
Project("{2150E333-8FDC-42A3-9474-1A3956D46DE8}") = "src", "src", "{BC3D4CC4-000C-41C4-8055-99B3C190CDFF}"
EndProject
Project("{FAE04EC0-301F-11D3-BF4B-00C04F79EFBC}") = "apidb-util", "src\apidb-util\apidb-util.csproj", "{39942C8B-8EFA-4A5C-BC7C-BAADB6D6D59C}"
EndProject
Project("{FAE04EC0-301F-11D3-BF4B-00C04F79EFBC}") = "Contrib.Extensions.Hosting.Tool", "src\Contrib.Extensions.Hosting.Tool\Contrib.Extensions.Hosting.Tool.csproj", "{932ADF44-C9A2-43A0-AED2-72C5106A87F6}"
EndProject
Project("{FAE04EC0-301F-11D3-BF4B-00C04F79EFBC}") = "ApiDb.Core", "src\ApiDb.Core\ApiDb.Core.csproj", "{03CA7CBA-3794-43CF-8550-509A2D64D032}"
EndProject
Project("{FAE04EC0-301F-11D3-BF4B-00C04F79EFBC}") = "ApiDb.Kusto", "src\ApiDb.Kusto\ApiDb.Kusto.csproj", "{ED40899D-7230-435C-B246-4086CDD55D01}"
EndProject
Global
	GlobalSection(SolutionConfigurationPlatforms) = preSolution
		Debug|Any CPU = Debug|Any CPU
		Debug|x64 = Debug|x64
		Debug|x86 = Debug|x86
		Release|Any CPU = Release|Any CPU
		Release|x64 = Release|x64
		Release|x86 = Release|x86
	EndGlobalSection
	GlobalSection(SolutionProperties) = preSolution
		HideSolutionNode = FALSE
	EndGlobalSection
	GlobalSection(ProjectConfigurationPlatforms) = postSolution
		{39942C8B-8EFA-4A5C-BC7C-BAADB6D6D59C}.Debug|Any CPU.ActiveCfg = Debug|Any CPU
		{39942C8B-8EFA-4A5C-BC7C-BAADB6D6D59C}.Debug|Any CPU.Build.0 = Debug|Any CPU
		{39942C8B-8EFA-4A5C-BC7C-BAADB6D6D59C}.Debug|x64.ActiveCfg = Debug|Any CPU
		{39942C8B-8EFA-4A5C-BC7C-BAADB6D6D59C}.Debug|x64.Build.0 = Debug|Any CPU
		{39942C8B-8EFA-4A5C-BC7C-BAADB6D6D59C}.Debug|x86.ActiveCfg = Debug|Any CPU
		{39942C8B-8EFA-4A5C-BC7C-BAADB6D6D59C}.Debug|x86.Build.0 = Debug|Any CPU
		{39942C8B-8EFA-4A5C-BC7C-BAADB6D6D59C}.Release|Any CPU.ActiveCfg = Release|Any CPU
		{39942C8B-8EFA-4A5C-BC7C-BAADB6D6D59C}.Release|Any CPU.Build.0 = Release|Any CPU
		{39942C8B-8EFA-4A5C-BC7C-BAADB6D6D59C}.Release|x64.ActiveCfg = Release|Any CPU
		{39942C8B-8EFA-4A5C-BC7C-BAADB6D6D59C}.Release|x64.Build.0 = Release|Any CPU
		{39942C8B-8EFA-4A5C-BC7C-BAADB6D6D59C}.Release|x86.ActiveCfg = Release|Any CPU
		{39942C8B-8EFA-4A5C-BC7C-BAADB6D6D59C}.Release|x86.Build.0 = Release|Any CPU
		{932ADF44-C9A2-43A0-AED2-72C5106A87F6}.Debug|Any CPU.ActiveCfg = Debug|Any CPU
		{932ADF44-C9A2-43A0-AED2-72C5106A87F6}.Debug|Any CPU.Build.0 = Debug|Any CPU
		{932ADF44-C9A2-43A0-AED2-72C5106A87F6}.Debug|x64.ActiveCfg = Debug|Any CPU
		{932ADF44-C9A2-43A0-AED2-72C5106A87F6}.Debug|x64.Build.0 = Debug|Any CPU
		{932ADF44-C9A2-43A0-AED2-72C5106A87F6}.Debug|x86.ActiveCfg = Debug|Any CPU
		{932ADF44-C9A2-43A0-AED2-72C5106A87F6}.Debug|x86.Build.0 = Debug|Any CPU
		{932ADF44-C9A2-43A0-AED2-72C5106A87F6}.Release|Any CPU.ActiveCfg = Release|Any CPU
		{932ADF44-C9A2-43A0-AED2-72C5106A87F6}.Release|Any CPU.Build.0 = Release|Any CPU
		{932ADF44-C9A2-43A0-AED2-72C5106A87F6}.Release|x64.ActiveCfg = Release|Any CPU
		{932ADF44-C9A2-43A0-AED2-72C5106A87F6}.Release|x64.Build.0 = Release|Any CPU
		{932ADF44-C9A2-43A0-AED2-72C5106A87F6}.Release|x86.ActiveCfg = Release|Any CPU
		{932ADF44-C9A2-43A0-AED2-72C5106A87F6}.Release|x86.Build.0 = Release|Any CPU
		{03CA7CBA-3794-43CF-8550-509A2D64D032}.Debug|Any CPU.ActiveCfg = Debug|Any CPU
		{03CA7CBA-3794-43CF-8550-509A2D64D032}.Debug|Any CPU.Build.0 = Debug|Any CPU
		{03CA7CBA-3794-43CF-8550-509A2D64D032}.Debug|x64.ActiveCfg = Debug|Any CPU
		{03CA7CBA-3794-43CF-8550-509A2D64D032}.Debug|x64.Build.0 = Debug|Any CPU
		{03CA7CBA-3794-43CF-8550-509A2D64D032}.Debug|x86.ActiveCfg = Debug|Any CPU
		{03CA7CBA-3794-43CF-8550-509A2D64D032}.Debug|x86.Build.0 = Debug|Any CPU
		{03CA7CBA-3794-43CF-8550-509A2D64D032}.Release|Any CPU.ActiveCfg = Release|Any CPU
		{03CA7CBA-3794-43CF-8550-509A2D64D032}.Release|Any CPU.Build.0 = Release|Any CPU
		{03CA7CBA-3794-43CF-8550-509A2D64D032}.Release|x64.ActiveCfg = Release|Any CPU
		{03CA7CBA-3794-43CF-8550-509A2D64D032}.Release|x64.Build.0 = Release|Any CPU
		{03CA7CBA-3794-43CF-8550-509A2D64D032}.Release|x86.ActiveCfg = Release|Any CPU
		{03CA7CBA-3794-43CF-8550-509A2D64D032}.Release|x86.Build.0 = Release|Any CPU
		{ED40899D-7230-435C-B246-4086CDD55D01}.Debug|Any CPU.ActiveCfg = Debug|Any CPU
		{ED40899D-7230-435C-B246-4086CDD55D01}.Debug|Any CPU.Build.0 = Debug|Any CPU
		{ED40899D-7230-435C-B246-4086CDD55D01}.Debug|x64.ActiveCfg = Debug|Any CPU
		{ED40899D-7230-435C-B246-4086CDD55D01}.Debug|x64.Build.0 = Debug|Any CPU
		{ED40899D-7230-435C-B246-4086CDD55D01}.Debug|x86.ActiveCfg = Debug|Any CPU
		{ED40899D-7230-435C-B246-4086CDD55D01}.Debug|x86.Build.0 = Debug|Any CPU
		{ED40899D-7230-435C-B246-4086CDD55D01}.Release|Any CPU.ActiveCfg = Release|Any CPU
		{ED40899D-7230-435C-B246-4086CDD55D01}.Release|Any CPU.Build.0 = Release|Any CPU
		{ED40899D-7230-435C-B246-4086CDD55D01}.Release|x64.ActiveCfg = Release|Any CPU
		{ED40899D-7230-435C-B246-4086CDD55D01}.Release|x64.Build.0 = Release|Any CPU
		{ED40899D-7230-435C-B246-4086CDD55D01}.Release|x86.ActiveCfg = Release|Any CPU
		{ED40899D-7230-435C-B246-4086CDD55D01}.Release|x86.Build.0 = Release|Any CPU
	EndGlobalSection
	GlobalSection(NestedProjects) = preSolution
		{39942C8B-8EFA-4A5C-BC7C-BAADB6D6D59C} = {BC3D4CC4-000C-41C4-8055-99B3C190CDFF}
		{932ADF44-C9A2-43A0-AED2-72C5106A87F6} = {BC3D4CC4-000C-41C4-8055-99B3C190CDFF}
		{03CA7CBA-3794-43CF-8550-509A2D64D032} = {BC3D4CC4-000C-41C4-8055-99B3C190CDFF}
		{ED40899D-7230-435C-B246-4086CDD55D01} = {BC3D4CC4-000C-41C4-8055-99B3C190CDFF}
	EndGlobalSection
EndGlobal
